Microsoft Visual Studio Solution File, Format Version 11.00
# Visual Studio 2008

Project("{A552C747-84B3-A821-77BC-A6C8ADDE0EFB}") = "fill", "Assembly-CSharp.csproj", "{B240466D-5A42-0975-4506-401CF2D94854}"
EndProject
Global
	GlobalSection(SolutionConfigurationPlatforms) = preSolution
		Debug|Any CPU = Debug|Any CPU
		Release|Any CPU = Release|Any CPU
	EndGlobalSection
	GlobalSection(ProjectConfigurationPlatforms) = postSolution
		{B240466D-5A42-0975-4506-401CF2D94854}.Debug|Any CPU.ActiveCfg = Debug|Any CPU
		{B240466D-5A42-0975-4506-401CF2D94854}.Debug|Any CPU.Build.0 = Debug|Any CPU
		{B240466D-5A42-0975-4506-401CF2D94854}.Release|Any CPU.ActiveCfg = Release|Any CPU
		{B240466D-5A42-0975-4506-401CF2D94854}.Release|Any CPU.Build.0 = Release|Any CPU
	EndGlobalSection
	GlobalSection(SolutionProperties) = preSolution
		HideSolutionNode = FALSE
	EndGlobalSection
	GlobalSection(MonoDevelopProperties) = preSolution
		StartupItem = Assembly-CSharp.csproj
	EndGlobalSection
EndGlobal
